// !$*UTF8*$!
{
	archiveVersion = 1;
	classes = {
	};
	objectVersion = 50;
	objects = {

/* Begin PBXBuildFile section */
		C77BE21B2122786500689191 /* AppDelegate.swift in Sources */ = {isa = PBXBuildFile; fileRef = C77BE21A2122786500689191 /* AppDelegate.swift */; };
		C77BE2202122786500689191 /* Main.storyboard in Resources */ = {isa = PBXBuildFile; fileRef = C77BE21E2122786500689191 /* Main.storyboard */; };
		C77BE2222122786600689191 /* Assets.xcassets in Resources */ = {isa = PBXBuildFile; fileRef = C77BE2212122786600689191 /* Assets.xcassets */; };
		C77BE2252122786600689191 /* LaunchScreen.storyboard in Resources */ = {isa = PBXBuildFile; fileRef = C77BE2232122786600689191 /* LaunchScreen.storyboard */; };
		C7D2C1FC212278EC00B56A0C /* Data.swift in Sources */ = {isa = PBXBuildFile; fileRef = C7D2C1FB212278EC00B56A0C /* Data.swift */; };
		C7D2C1FE212278F100B56A0C /* Individual.swift in Sources */ = {isa = PBXBuildFile; fileRef = C7D2C1FD212278F100B56A0C /* Individual.swift */; };
		C7D2C200212278F500B56A0C /* Item.swift in Sources */ = {isa = PBXBuildFile; fileRef = C7D2C1FF212278F500B56A0C /* Item.swift */; };
		C7D2C202212278FC00B56A0C /* Total.swift in Sources */ = {isa = PBXBuildFile; fileRef = C7D2C201212278FC00B56A0C /* Total.swift */; };
		C7D2C2062122792E00B56A0C /* CollectionCell.swift in Sources */ = {isa = PBXBuildFile; fileRef = C7D2C2052122792E00B56A0C /* CollectionCell.swift */; };
		C7D2C2082122793200B56A0C /* Header.swift in Sources */ = {isa = PBXBuildFile; fileRef = C7D2C2072122793200B56A0C /* Header.swift */; };
		C7D2C20A2122793900B56A0C /* StartHeader.swift in Sources */ = {isa = PBXBuildFile; fileRef = C7D2C2092122793900B56A0C /* StartHeader.swift */; };
		C7D2C20C2122793D00B56A0C /* TableCell.swift in Sources */ = {isa = PBXBuildFile; fileRef = C7D2C20B2122793D00B56A0C /* TableCell.swift */; };
		C7D2C20E2122794D00B56A0C /* StartController.swift in Sources */ = {isa = PBXBuildFile; fileRef = C7D2C20D2122794D00B56A0C /* StartController.swift */; };
		C7D2C2102122795400B56A0C /* SplitController.swift in Sources */ = {isa = PBXBuildFile; fileRef = C7D2C20F2122795400B56A0C /* SplitController.swift */; };
		C7D2C2122122795E00B56A0C /* CalculatedController.swift in Sources */ = {isa = PBXBuildFile; fileRef = C7D2C2112122795E00B56A0C /* CalculatedController.swift */; };
		C7D2C21421227A4400B56A0C /* SplitHeader.swift in Sources */ = {isa = PBXBuildFile; fileRef = C7D2C21321227A4400B56A0C /* SplitHeader.swift */; };
/* End PBXBuildFile section */

/* Begin PBXFileReference section */
		C77BE2172122786500689191 /* splitv02.app */ = {isa = PBXFileReference; explicitFileType = wrapper.application; includeInIndex = 0; path = splitv02.app; sourceTree = BUILT_PRODUCTS_DIR; };
		C77BE21A2122786500689191 /* AppDelegate.swift */ = {isa = PBXFileReference; lastKnownFileType = sourcecode.swift; path = AppDelegate.swift; sourceTree = "<group>"; };
		C77BE21F2122786500689191 /* Base */ = {isa = PBXFileReference; lastKnownFileType = file.storyboard; name = Base; path = Base.lproj/Main.storyboard; sourceTree = "<group>"; };
		C77BE2212122786600689191 /* Assets.xcassets */ = {isa = PBXFileReference; lastKnownFileType = folder.assetcatalog; path = Assets.xcassets; sourceTree = "<group>"; };
		C77BE2242122786600689191 /* Base */ = {isa = PBXFileReference; lastKnownFileType = file.storyboard; name = Base; path = Base.lproj/LaunchScreen.storyboard; sourceTree = "<group>"; };
		C77BE2262122786600689191 /* Info.plist */ = {isa = PBXFileReference; lastKnownFileType = text.plist.xml; path = Info.plist; sourceTree = "<group>"; };
		C7D2C1FB212278EC00B56A0C /* Data.swift */ = {isa = PBXFileReference; fileEncoding = 4; lastKnownFileType = sourcecode.swift; path = Data.swift; sourceTree = "<group>"; };
		C7D2C1FD212278F100B56A0C /* Individual.swift */ = {isa = PBXFileReference; fileEncoding = 4; lastKnownFileType = sourcecode.swift; path = Individual.swift; sourceTree = "<group>"; };
		C7D2C1FF212278F500B56A0C /* Item.swift */ = {isa = PBXFileReference; fileEncoding = 4; lastKnownFileType = sourcecode.swift; path = Item.swift; sourceTree = "<group>"; };
		C7D2C201212278FC00B56A0C /* Total.swift */ = {isa = PBXFileReference; fileEncoding = 4; lastKnownFileType = sourcecode.swift; path = Total.swift; sourceTree = "<group>"; };
		C7D2C2052122792E00B56A0C /* CollectionCell.swift */ = {isa = PBXFileReference; fileEncoding = 4; lastKnownFileType = sourcecode.swift; path = CollectionCell.swift; sourceTree = "<group>"; };
		C7D2C2072122793200B56A0C /* Header.swift */ = {isa = PBXFileReference; fileEncoding = 4; lastKnownFileType = sourcecode.swift; path = Header.swift; sourceTree = "<group>"; };
		C7D2C2092122793900B56A0C /* StartHeader.swift */ = {isa = PBXFileReference; fileEncoding = 4; lastKnownFileType = sourcecode.swift; path = StartHeader.swift; sourceTree = "<group>"; };
		C7D2C20B2122793D00B56A0C /* TableCell.swift */ = {isa = PBXFileReference; fileEncoding = 4; lastKnownFileType = sourcecode.swift; path = TableCell.swift; sourceTree = "<group>"; };
		C7D2C20D2122794D00B56A0C /* StartController.swift */ = {isa = PBXFileReference; fileEncoding = 4; lastKnownFileType = sourcecode.swift; path = StartController.swift; sourceTree = "<group>"; };
		C7D2C20F2122795400B56A0C /* SplitController.swift */ = {isa = PBXFileReference; fileEncoding = 4; lastKnownFileType = sourcecode.swift; path = SplitController.swift; sourceTree = "<group>"; };
		C7D2C2112122795E00B56A0C /* CalculatedController.swift */ = {isa = PBXFileReference; fileEncoding = 4; lastKnownFileType = sourcecode.swift; path = CalculatedController.swift; sourceTree = "<group>"; };
		C7D2C21321227A4400B56A0C /* SplitHeader.swift */ = {isa = PBXFileReference; lastKnownFileType = sourcecode.swift; path = SplitHeader.swift; sourceTree = "<group>"; };
/* End PBXFileReference section */

/* Begin PBXFrameworksBuildPhase section */
		C77BE2142122786500689191 /* Frameworks */ = {
			isa = PBXFrameworksBuildPhase;
			buildActionMask = 2147483647;
			files = (
			);
			runOnlyForDeploymentPostprocessing = 0;
		};
/* End PBXFrameworksBuildPhase section */

/* Begin PBXGroup section */
		C77BE20E2122786500689191 = {
			isa = PBXGroup;
			children = (
				C77BE2192122786500689191 /* splitv02 */,
				C77BE2182122786500689191 /* Products */,
			);
			sourceTree = "<group>";
		};
		C77BE2182122786500689191 /* Products */ = {
			isa = PBXGroup;
			children = (
				C77BE2172122786500689191 /* splitv02.app */,
			);
			name = Products;
			sourceTree = "<group>";
		};
		C77BE2192122786500689191 /* splitv02 */ = {
			isa = PBXGroup;
			children = (
				C7D2C2042122792100B56A0C /* View */,
				C7D2C2032122790D00B56A0C /* Controller */,
				C7D2C1FA212278E100B56A0C /* Model */,
				C77BE21A2122786500689191 /* AppDelegate.swift */,
				C77BE21E2122786500689191 /* Main.storyboard */,
				C77BE2212122786600689191 /* Assets.xcassets */,
				C77BE2232122786600689191 /* LaunchScreen.storyboard */,
				C77BE2262122786600689191 /* Info.plist */,
			);
			path = splitv02;
			sourceTree = "<group>";
		};
		C7D2C1FA212278E100B56A0C /* Model */ = {
			isa = PBXGroup;
			children = (
				C7D2C1FB212278EC00B56A0C /* Data.swift */,
				C7D2C1FD212278F100B56A0C /* Individual.swift */,
				C7D2C1FF212278F500B56A0C /* Item.swift */,
				C7D2C201212278FC00B56A0C /* Total.swift */,
			);
			path = Model;
			sourceTree = "<group>";
		};
		C7D2C2032122790D00B56A0C /* Controller */ = {
			isa = PBXGroup;
			children = (
				C7D2C20D2122794D00B56A0C /* StartController.swift */,
				C7D2C20F2122795400B56A0C /* SplitController.swift */,
				C7D2C2112122795E00B56A0C /* CalculatedController.swift */,
			);
			path = Controller;
			sourceTree = "<group>";
		};
		C7D2C2042122792100B56A0C /* View */ = {
			isa = PBXGroup;
			children = (
				C7D2C2052122792E00B56A0C /* CollectionCell.swift */,
				C7D2C2072122793200B56A0C /* Header.swift */,
				C7D2C2092122793900B56A0C /* StartHeader.swift */,
				C7D2C20B2122793D00B56A0C /* TableCell.swift */,
				C7D2C21321227A4400B56A0C /* SplitHeader.swift */,
			);
			path = View;
			sourceTree = "<group>";
		};
/* End PBXGroup section */

/* Begin PBXNativeTarget section */
		C77BE2162122786500689191 /* splitv02 */ = {
			isa = PBXNativeTarget;
			buildConfigurationList = C77BE2292122786600689191 /* Build configuration list for PBXNativeTarget "splitv02" */;
			buildPhases = (
				C77BE2132122786500689191 /* Sources */,
				C77BE2142122786500689191 /* Frameworks */,
				C77BE2152122786500689191 /* Resources */,
			);
			buildRules = (
			);
			dependencies = (
			);
			name = splitv02;
			productName = splitv02;
			productReference = C77BE2172122786500689191 /* splitv02.app */;
			productType = "com.apple.product-type.application";
		};
/* End PBXNativeTarget section */

/* Begin PBXProject section */
		C77BE20F2122786500689191 /* Project object */ = {
			isa = PBXProject;
			attributes = {
				LastSwiftUpdateCheck = 0940;
				LastUpgradeCheck = 0940;
				ORGANIZATIONNAME = "Brian Li";
				TargetAttributes = {
					C77BE2162122786500689191 = {
						CreatedOnToolsVersion = 9.4.1;
					};
				};
			};
			buildConfigurationList = C77BE2122122786500689191 /* Build configuration list for PBXProject "splitv02" */;
			compatibilityVersion = "Xcode 9.3";
			developmentRegion = en;
			hasScannedForEncodings = 0;
			knownRegions = (
				en,
				Base,
			);
			mainGroup = C77BE20E2122786500689191;
			productRefGroup = C77BE2182122786500689191 /* Products */;
			projectDirPath = "";
			projectRoot = "";
			targets = (
				C77BE2162122786500689191 /* splitv02 */,
			);
		};
/* End PBXProject section */

/* Begin PBXResourcesBuildPhase section */
		C77BE2152122786500689191 /* Resources */ = {
			isa = PBXResourcesBuildPhase;
			buildActionMask = 2147483647;
			files = (
				C77BE2252122786600689191 /* LaunchScreen.storyboard in Resources */,
				C77BE2222122786600689191 /* Assets.xcassets in Resources */,
				C77BE2202122786500689191 /* Main.storyboard in Resources */,
			);
			runOnlyForDeploymentPostprocessing = 0;
		};
/* End PBXResourcesBuildPhase section */

/* Begin PBXSourcesBuildPhase section */
		C77BE2132122786500689191 /* Sources */ = {
			isa = PBXSourcesBuildPhase;
			buildActionMask = 2147483647;
			files = (
				C7D2C21421227A4400B56A0C /* SplitHeader.swift in Sources */,
				C7D2C2102122795400B56A0C /* SplitController.swift in Sources */,
				C7D2C20C2122793D00B56A0C /* TableCell.swift in Sources */,
				C7D2C2082122793200B56A0C /* Header.swift in Sources */,
				C7D2C202212278FC00B56A0C /* Total.swift in Sources */,
				C7D2C200212278F500B56A0C /* Item.swift in Sources */,
				C7D2C1FE212278F100B56A0C /* Individual.swift in Sources */,
				C7D2C20A2122793900B56A0C /* StartHeader.swift in Sources */,
				C7D2C20E2122794D00B56A0C /* StartController.swift in Sources */,
				C7D2C2122122795E00B56A0C /* CalculatedController.swift in Sources */,
				C7D2C2062122792E00B56A0C /* CollectionCell.swift in Sources */,
				C7D2C1FC212278EC00B56A0C /* Data.swift in Sources */,
				C77BE21B2122786500689191 /* AppDelegate.swift in Sources */,
			);
			runOnlyForDeploymentPostprocessing = 0;
		};
/* End PBXSourcesBuildPhase section */

/* Begin PBXVariantGroup section */
		C77BE21E2122786500689191 /* Main.storyboard */ = {
			isa = PBXVariantGroup;
			children = (
				C77BE21F2122786500689191 /* Base */,
			);
			name = Main.storyboard;
			sourceTree = "<group>";
		};
		C77BE2232122786600689191 /* LaunchScreen.storyboard */ = {
			isa = PBXVariantGroup;
			children = (
				C77BE2242122786600689191 /* Base */,
			);
			name = LaunchScreen.storyboard;
			sourceTree = "<group>";
		};
/* End PBXVariantGroup section */

/* Begin XCBuildConfiguration section */
		C77BE2272122786600689191 /* Debug */ = {
			isa = XCBuildConfiguration;
			buildSettings = {
				ALWAYS_SEARCH_USER_PATHS = NO;
				CLANG_ANALYZER_NONNULL = YES;
				CLANG_ANALYZER_NUMBER_OBJECT_CONVERSION = YES_AGGRESSIVE;
				CLANG_CXX_LANGUAGE_STANDARD = "gnu++14";
				CLANG_CXX_LIBRARY = "libc++";
				CLANG_ENABLE_MODULES = YES;
				CLANG_ENABLE_OBJC_ARC = YES;
				CLANG_ENABLE_OBJC_WEAK = YES;
				CLANG_WARN_BLOCK_CAPTURE_AUTORELEASING = YES;
				CLANG_WARN_BOOL_CONVERSION = YES;
				CLANG_WARN_COMMA = YES;
				CLANG_WARN_CONSTANT_CONVERSION = YES;
				CLANG_WARN_DEPRECATED_OBJC_IMPLEMENTATIONS = YES;
				CLANG_WARN_DIRECT_OBJC_ISA_USAGE = YES_ERROR;
				CLANG_WARN_DOCUMENTATION_COMMENTS = YES;
				CLANG_WARN_EMPTY_BODY = YES;
				CLANG_WARN_ENUM_CONVERSION = YES;
				CLANG_WARN_INFINITE_RECURSION = YES;
				CLANG_WARN_INT_CONVERSION = YES;
				CLANG_WARN_NON_LITERAL_NULL_CONVERSION = YES;
				CLANG_WARN_OBJC_IMPLICIT_RETAIN_SELF = YES;
				CLANG_WARN_OBJC_LITERAL_CONVERSION = YES;
				CLANG_WARN_OBJC_ROOT_CLASS = YES_ERROR;
				CLANG_WARN_RANGE_LOOP_ANALYSIS = YES;
				CLANG_WARN_STRICT_PROTOTYPES = YES;
				CLANG_WARN_SUSPICIOUS_MOVE = YES;
				CLANG_WARN_UNGUARDED_AVAILABILITY = YES_AGGRESSIVE;
				CLANG_WARN_UNREACHABLE_CODE = YES;
				CLANG_WARN__DUPLICATE_METHOD_MATCH = YES;
				CODE_SIGN_IDENTITY = "iPhone Developer";
				COPY_PHASE_STRIP = NO;
				DEBUG_INFORMATION_FORMAT = dwarf;
				ENABLE_STRICT_OBJC_MSGSEND = YES;
				ENABLE_TESTABILITY = YES;
				GCC_C_LANGUAGE_STANDARD = gnu11;
				GCC_DYNAMIC_NO_PIC = NO;
				GCC_NO_COMMON_BLOCKS = YES;
				GCC_OPTIMIZATION_LEVEL = 0;
				GCC_PREPROCESSOR_DEFINITIONS = (
					"DEBUG=1",
					"$(inherited)",
				);
				GCC_WARN_64_TO_32_BIT_CONVERSION = YES;
				GCC_WARN_ABOUT_RETURN_TYPE = YES_ERROR;
				GCC_WARN_UNDECLARED_SELECTOR = YES;
				GCC_WARN_UNINITIALIZED_AUTOS = YES_AGGRESSIVE;
				GCC_WARN_UNUSED_FUNCTION = YES;
				GCC_WARN_UNUSED_VARIABLE = YES;
				IPHONEOS_DEPLOYMENT_TARGET = 11.4;
				MTL_ENABLE_DEBUG_INFO = YES;
				ONLY_ACTIVE_ARCH = YES;
				SDKROOT = iphoneos;
				SWIFT_ACTIVE_COMPILATION_CONDITIONS = DEBUG;
				SWIFT_OPTIMIZATION_LEVEL = "-Onone";
			};
			name = Debug;
		};
		C77BE2282122786600689191 /* Release */ = {
			isa = XCBuildConfiguration;
			buildSettings = {
				ALWAYS_SEARCH_USER_PATHS = NO;
				CLANG_ANALYZER_NONNULL = YES;
				CLANG_ANALYZER_NUMBER_OBJECT_CONVERSION = YES_AGGRESSIVE;
				CLANG_CXX_LANGUAGE_STANDARD = "gnu++14";
				CLANG_CXX_LIBRARY = "libc++";
				CLANG_ENABLE_MODULES = YES;
				CLANG_ENABLE_OBJC_ARC = YES;
				CLANG_ENABLE_OBJC_WEAK = YES;
				CLANG_WARN_BLOCK_CAPTURE_AUTORELEASING = YES;
				CLANG_WARN_BOOL_CONVERSION = YES;
				CLANG_WARN_COMMA = YES;
				CLANG_WARN_CONSTANT_CONVERSION = YES;
				CLANG_WARN_DEPRECATED_OBJC_IMPLEMENTATIONS = YES;
				CLANG_WARN_DIRECT_OBJC_ISA_USAGE = YES_ERROR;
				CLANG_WARN_DOCUMENTATION_COMMENTS = YES;
				CLANG_WARN_EMPTY_BODY = YES;
				CLANG_WARN_ENUM_CONVERSION = YES;
				CLANG_WARN_INFINITE_RECURSION = YES;
				CLANG_WARN_INT_CONVERSION = YES;
				CLANG_WARN_NON_LITERAL_NULL_CONVERSION = YES;
				CLANG_WARN_OBJC_IMPLICIT_RETAIN_SELF = YES;
				CLANG_WARN_OBJC_LITERAL_CONVERSION = YES;
				CLANG_WARN_OBJC_ROOT_CLASS = YES_ERROR;
				CLANG_WARN_RANGE_LOOP_ANALYSIS = YES;
				CLANG_WARN_STRICT_PROTOTYPES = YES;
				CLANG_WARN_SUSPICIOUS_MOVE = YES;
				CLANG_WARN_UNGUARDED_AVAILABILITY = YES_AGGRESSIVE;
				CLANG_WARN_UNREACHABLE_CODE = YES;
				CLANG_WARN__DUPLICATE_METHOD_MATCH = YES;
				CODE_SIGN_IDENTITY = "iPhone Developer";
				COPY_PHASE_STRIP = NO;
				DEBUG_INFORMATION_FORMAT = "dwarf-with-dsym";
				ENABLE_NS_ASSERTIONS = NO;
				ENABLE_STRICT_OBJC_MSGSEND = YES;
				GCC_C_LANGUAGE_STANDARD = gnu11;
				GCC_NO_COMMON_BLOCKS = YES;
				GCC_WARN_64_TO_32_BIT_CONVERSION = YES;
				GCC_WARN_ABOUT_RETURN_TYPE = YES_ERROR;
				GCC_WARN_UNDECLARED_SELECTOR = YES;
				GCC_WARN_UNINITIALIZED_AUTOS = YES_AGGRESSIVE;
				GCC_WARN_UNUSED_FUNCTION = YES;
				GCC_WARN_UNUSED_VARIABLE = YES;
				IPHONEOS_DEPLOYMENT_TARGET = 11.4;
				MTL_ENABLE_DEBUG_INFO = NO;
				SDKROOT = iphoneos;
				SWIFT_COMPILATION_MODE = wholemodule;
				SWIFT_OPTIMIZATION_LEVEL = "-O";
				VALIDATE_PRODUCT = YES;
			};
			name = Release;
		};
		C77BE22A2122786600689191 /* Debug */ = {
			isa = XCBuildConfiguration;
			buildSettings = {
				ASSETCATALOG_COMPILER_APPICON_NAME = AppIcon;
				CODE_SIGN_STYLE = Automatic;
				INFOPLIST_FILE = splitv02/Info.plist;
				LD_RUNPATH_SEARCH_PATHS = (
					"$(inherited)",
					"@executable_path/Frameworks",
				);
				PRODUCT_BUNDLE_IDENTIFIER = com.librian415.splitv02;
				PRODUCT_NAME = "$(TARGET_NAME)";
				SWIFT_VERSION = 4.0;
				TARGETED_DEVICE_FAMILY = "1,2";
			};
			name = Debug;
		};
		C77BE22B2122786600689191 /* Release */ = {
			isa = XCBuildConfiguration;
			buildSettings = {
				ASSETCATALOG_COMPILER_APPICON_NAME = AppIcon;
				CODE_SIGN_STYLE = Automatic;
				INFOPLIST_FILE = splitv02/Info.plist;
				LD_RUNPATH_SEARCH_PATHS = (
					"$(inherited)",
					"@executable_path/Frameworks",
				);
				PRODUCT_BUNDLE_IDENTIFIER = com.librian415.splitv02;
				PRODUCT_NAME = "$(TARGET_NAME)";
				SWIFT_VERSION = 4.0;
				TARGETED_DEVICE_FAMILY = "1,2";
			};
			name = Release;
		};
/* End XCBuildConfiguration section */

/* Begin XCConfigurationList section */
		C77BE2122122786500689191 /* Build configuration list for PBXProject "splitv02" */ = {
			isa = XCConfigurationList;
			buildConfigurations = (
				C77BE2272122786600689191 /* Debug */,
				C77BE2282122786600689191 /* Release */,
			);
			defaultConfigurationIsVisible = 0;
			defaultConfigurationName = Release;
		};
		C77BE2292122786600689191 /* Build configuration list for PBXNativeTarget "splitv02" */ = {
			isa = XCConfigurationList;
			buildConfigurations = (
				C77BE22A2122786600689191 /* Debug */,
				C77BE22B2122786600689191 /* Release */,
			);
			defaultConfigurationIsVisible = 0;
			defaultConfigurationName = Release;
		};
/* End XCConfigurationList section */
	};
	rootObject = C77BE20F2122786500689191 /* Project object */;
}
